
Microsoft Visual Studio Solution File, Format Version 12.00
# Visual Studio Version 16
VisualStudioVersion = 16.0.29728.190
MinimumVisualStudioVersion = 10.0.40219.1
Project("{FAE04EC0-301F-11D3-BF4B-00C04F79EFBC}") = "TesteEstapar.Data", "src\TesteEstapar.Data\TesteEstapar.Data.csproj", "{37B4F4E3-EF1D-4F8F-B540-328BB8491D86}"
EndProject
Project("{FAE04EC0-301F-11D3-BF4B-00C04F79EFBC}") = "TesteEstapar.Business", "src\TesteEstapar.Business\TesteEstapar.Business.csproj", "{65B5BEB0-E19A-4509-963B-F75439D423B9}"
EndProject
Project("{FAE04EC0-301F-11D3-BF4B-00C04F79EFBC}") = "TesteEstapar.App", "src\TesteEstapar.App\TesteEstapar.App.csproj", "{7676118D-D601-4F9E-B666-94A0059A639C}"
EndProject
Global
	GlobalSection(SolutionConfigurationPlatforms) = preSolution
		Debug|Any CPU = Debug|Any CPU
		Release|Any CPU = Release|Any CPU
	EndGlobalSection
	GlobalSection(ProjectConfigurationPlatforms) = postSolution
		{37B4F4E3-EF1D-4F8F-B540-328BB8491D86}.Debug|Any CPU.ActiveCfg = Debug|Any CPU
		{37B4F4E3-EF1D-4F8F-B540-328BB8491D86}.Debug|Any CPU.Build.0 = Debug|Any CPU
		{37B4F4E3-EF1D-4F8F-B540-328BB8491D86}.Release|Any CPU.ActiveCfg = Release|Any CPU
		{37B4F4E3-EF1D-4F8F-B540-328BB8491D86}.Release|Any CPU.Build.0 = Release|Any CPU
		{65B5BEB0-E19A-4509-963B-F75439D423B9}.Debug|Any CPU.ActiveCfg = Debug|Any CPU
		{65B5BEB0-E19A-4509-963B-F75439D423B9}.Debug|Any CPU.Build.0 = Debug|Any CPU
		{65B5BEB0-E19A-4509-963B-F75439D423B9}.Release|Any CPU.ActiveCfg = Release|Any CPU
		{65B5BEB0-E19A-4509-963B-F75439D423B9}.Release|Any CPU.Build.0 = Release|Any CPU
		{7676118D-D601-4F9E-B666-94A0059A639C}.Debug|Any CPU.ActiveCfg = Debug|Any CPU
		{7676118D-D601-4F9E-B666-94A0059A639C}.Debug|Any CPU.Build.0 = Debug|Any CPU
		{7676118D-D601-4F9E-B666-94A0059A639C}.Release|Any CPU.ActiveCfg = Release|Any CPU
		{7676118D-D601-4F9E-B666-94A0059A639C}.Release|Any CPU.Build.0 = Release|Any CPU
	EndGlobalSection
	GlobalSection(SolutionProperties) = preSolution
		HideSolutionNode = FALSE
	EndGlobalSection
	GlobalSection(ExtensibilityGlobals) = postSolution
		SolutionGuid = {A6ADDE09-98E0-4569-9D72-4AE7516B922A}
	EndGlobalSection
EndGlobal
